
Microsoft Visual Studio Solution File, Format Version 12.00
# Visual Studio Version 17
VisualStudioVersion = 17.13.35931.197 d17.13
MinimumVisualStudioVersion = 10.0.40219.1
Project("{FAE04EC0-301F-11D3-BF4B-00C04F79EFBC}") = "ITSM", "ITSM.csproj", "{162F468A-4C2D-43BE-94C7-65DE8044559D}"
EndProject
Global
	GlobalSection(SolutionConfigurationPlatforms) = preSolution
		Debug|Any CPU = Debug|Any CPU
		Release|Any CPU = Release|Any CPU
	EndGlobalSection
	GlobalSection(ProjectConfigurationPlatforms) = postSolution
		{162F468A-4C2D-43BE-94C7-65DE8044559D}.Debug|Any CPU.ActiveCfg = Debug|Any CPU
		{162F468A-4C2D-43BE-94C7-65DE8044559D}.Debug|Any CPU.Build.0 = Debug|Any CPU
		{162F468A-4C2D-43BE-94C7-65DE8044559D}.Release|Any CPU.ActiveCfg = Release|Any CPU
		{162F468A-4C2D-43BE-94C7-65DE8044559D}.Release|Any CPU.Build.0 = Release|Any CPU
	EndGlobalSection
	GlobalSection(SolutionProperties) = preSolution
		HideSolutionNode = FALSE
	EndGlobalSection
	GlobalSection(ExtensibilityGlobals) = postSolution
		SolutionGuid = {B494AB70-AA17-4948-8BCF-E903550F7B6D}
	EndGlobalSection
EndGlobal
